
Microsoft Visual Studio Solution File, Format Version 12.00
# Visual Studio Version 17
VisualStudioVersion = 17.14.36109.1 d17.14
MinimumVisualStudioVersion = 10.0.40219.1
Project("{FAE04EC0-301F-11D3-BF4B-00C04F79EFBC}") = "BasicQueuingCashier", "BasicQueuingCashier\BasicQueuingCashier.csproj", "{B38F5E17-A111-434E-B72C-2D1208CE3859}"
EndProject
Global
	GlobalSection(SolutionConfigurationPlatforms) = preSolution
		Debug|Any CPU = Debug|Any CPU
		Release|Any CPU = Release|Any CPU
	EndGlobalSection
	GlobalSection(ProjectConfigurationPlatforms) = postSolution
		{B38F5E17-A111-434E-B72C-2D1208CE3859}.Debug|Any CPU.ActiveCfg = Debug|Any CPU
		{B38F5E17-A111-434E-B72C-2D1208CE3859}.Debug|Any CPU.Build.0 = Debug|Any CPU
		{B38F5E17-A111-434E-B72C-2D1208CE3859}.Release|Any CPU.ActiveCfg = Release|Any CPU
		{B38F5E17-A111-434E-B72C-2D1208CE3859}.Release|Any CPU.Build.0 = Release|Any CPU
	EndGlobalSection
	GlobalSection(SolutionProperties) = preSolution
		HideSolutionNode = FALSE
	EndGlobalSection
	GlobalSection(ExtensibilityGlobals) = postSolution
		SolutionGuid = {DE2CA1E9-D167-494D-89E1-789697A27C9A}
	EndGlobalSection
EndGlobal
