
Microsoft Visual Studio Solution File, Format Version 12.00
# Visual Studio Version 17
VisualStudioVersion = 17.14.36414.22 d17.14
MinimumVisualStudioVersion = 10.0.40219.1
Project("{FAE04EC0-301F-11D3-BF4B-00C04F79EFBC}") = "RegistrationTextFile", "RegistrationTextFile\RegistrationTextFile.csproj", "{053CE7D8-3CF8-4F23-94E6-F3E5D0BADDB9}"
EndProject
Global
	GlobalSection(SolutionConfigurationPlatforms) = preSolution
		Debug|Any CPU = Debug|Any CPU
		Release|Any CPU = Release|Any CPU
	EndGlobalSection
	GlobalSection(ProjectConfigurationPlatforms) = postSolution
		{053CE7D8-3CF8-4F23-94E6-F3E5D0BADDB9}.Debug|Any CPU.ActiveCfg = Debug|Any CPU
		{053CE7D8-3CF8-4F23-94E6-F3E5D0BADDB9}.Debug|Any CPU.Build.0 = Debug|Any CPU
		{053CE7D8-3CF8-4F23-94E6-F3E5D0BADDB9}.Release|Any CPU.ActiveCfg = Release|Any CPU
		{053CE7D8-3CF8-4F23-94E6-F3E5D0BADDB9}.Release|Any CPU.Build.0 = Release|Any CPU
	EndGlobalSection
	GlobalSection(SolutionProperties) = preSolution
		HideSolutionNode = FALSE
	EndGlobalSection
	GlobalSection(ExtensibilityGlobals) = postSolution
		SolutionGuid = {AA82707C-3B83-47DE-9F9A-5F48A35B9645}
	EndGlobalSection
EndGlobal
